
Microsoft Visual Studio Solution File, Format Version 12.00
# Visual Studio Version 17
VisualStudioVersion = 17.2.32516.85
MinimumVisualStudioVersion = 10.0.40219.1
Project("{FAE04EC0-301F-11D3-BF4B-00C04F79EFBC}") = "Wikki", "Wikki\Wikki.csproj", "{7DCAEC23-FFED-4B4B-9C06-6981948F2C4F}"
EndProject
Global
	GlobalSection(SolutionConfigurationPlatforms) = preSolution
		Debug|Any CPU = Debug|Any CPU
		Release|Any CPU = Release|Any CPU
	EndGlobalSection
	GlobalSection(ProjectConfigurationPlatforms) = postSolution
		{7DCAEC23-FFED-4B4B-9C06-6981948F2C4F}.Debug|Any CPU.ActiveCfg = Debug|Any CPU
		{7DCAEC23-FFED-4B4B-9C06-6981948F2C4F}.Debug|Any CPU.Build.0 = Debug|Any CPU
		{7DCAEC23-FFED-4B4B-9C06-6981948F2C4F}.Release|Any CPU.ActiveCfg = Release|Any CPU
		{7DCAEC23-FFED-4B4B-9C06-6981948F2C4F}.Release|Any CPU.Build.0 = Release|Any CPU
	EndGlobalSection
	GlobalSection(SolutionProperties) = preSolution
		HideSolutionNode = FALSE
	EndGlobalSection
	GlobalSection(ExtensibilityGlobals) = postSolution
		SolutionGuid = {72AC2DFA-0CBD-4243-9E9D-BEABB2444E03}
	EndGlobalSection
EndGlobal
